
Microsoft Visual Studio Solution File, Format Version 12.00
# Visual Studio Version 16
VisualStudioVersion = 16.0.32106.194
MinimumVisualStudioVersion = 10.0.40219.1
Project("{9A19103F-16F7-4668-BE54-9A1E7A4F7556}") = "Domain", "Domain\Domain.csproj", "{020D5416-405B-47FC-A6CB-59B8D9A40A6B}"
EndProject
Project("{9A19103F-16F7-4668-BE54-9A1E7A4F7556}") = "DataAccess", "DataAccess\DataAccess.csproj", "{663CA311-9B0D-4712-9C42-9E9B74BFC069}"
EndProject
Project("{9A19103F-16F7-4668-BE54-9A1E7A4F7556}") = "BusinessLogic", "BusinessLogic\BusinessLogic.csproj", "{D0577D9A-3F2D-4BA6-8832-C393BFD54783}"
EndProject
Project("{9A19103F-16F7-4668-BE54-9A1E7A4F7556}") = "WebApplication1", "WebApplication1\WebApplication1.csproj", "{EAC6DE75-969F-4604-AA3A-E2415D1614D9}"
EndProject
Global
	GlobalSection(SolutionConfigurationPlatforms) = preSolution
		Debug|Any CPU = Debug|Any CPU
		Release|Any CPU = Release|Any CPU
	EndGlobalSection
	GlobalSection(ProjectConfigurationPlatforms) = postSolution
		{020D5416-405B-47FC-A6CB-59B8D9A40A6B}.Debug|Any CPU.ActiveCfg = Debug|Any CPU
		{020D5416-405B-47FC-A6CB-59B8D9A40A6B}.Debug|Any CPU.Build.0 = Debug|Any CPU
		{020D5416-405B-47FC-A6CB-59B8D9A40A6B}.Release|Any CPU.ActiveCfg = Release|Any CPU
		{020D5416-405B-47FC-A6CB-59B8D9A40A6B}.Release|Any CPU.Build.0 = Release|Any CPU
		{663CA311-9B0D-4712-9C42-9E9B74BFC069}.Debug|Any CPU.ActiveCfg = Debug|Any CPU
		{663CA311-9B0D-4712-9C42-9E9B74BFC069}.Debug|Any CPU.Build.0 = Debug|Any CPU
		{663CA311-9B0D-4712-9C42-9E9B74BFC069}.Release|Any CPU.ActiveCfg = Release|Any CPU
		{663CA311-9B0D-4712-9C42-9E9B74BFC069}.Release|Any CPU.Build.0 = Release|Any CPU
		{D0577D9A-3F2D-4BA6-8832-C393BFD54783}.Debug|Any CPU.ActiveCfg = Debug|Any CPU
		{D0577D9A-3F2D-4BA6-8832-C393BFD54783}.Debug|Any CPU.Build.0 = Debug|Any CPU
		{D0577D9A-3F2D-4BA6-8832-C393BFD54783}.Release|Any CPU.ActiveCfg = Release|Any CPU
		{D0577D9A-3F2D-4BA6-8832-C393BFD54783}.Release|Any CPU.Build.0 = Release|Any CPU
		{EAC6DE75-969F-4604-AA3A-E2415D1614D9}.Debug|Any CPU.ActiveCfg = Debug|Any CPU
		{EAC6DE75-969F-4604-AA3A-E2415D1614D9}.Debug|Any CPU.Build.0 = Debug|Any CPU
		{EAC6DE75-969F-4604-AA3A-E2415D1614D9}.Release|Any CPU.ActiveCfg = Release|Any CPU
		{EAC6DE75-969F-4604-AA3A-E2415D1614D9}.Release|Any CPU.Build.0 = Release|Any CPU
	EndGlobalSection
	GlobalSection(SolutionProperties) = preSolution
		HideSolutionNode = FALSE
	EndGlobalSection
	GlobalSection(ExtensibilityGlobals) = postSolution
		SolutionGuid = {D671B311-DFB1-4034-8CD1-5D703A645A29}
	EndGlobalSection
EndGlobal
